<?xml version="1.0" encoding="utf-8"?>
<Project ToolsVersion="4.0" xmlns="http://schemas.microsoft.com/developer/msbuild/2003">
  <ItemGroup>
    <Filter Include="Source Files">
      <UniqueIdentifier>{4FC737F1-C7A5-4376-A066-2A32D752A2FF}</UniqueIdentifier>
      <Extensions>cpp;c;cc;cxx;c++;cppm;ixx;def;odl;idl;hpj;bat;asm;asmx</Extensions>
    </Filter>
    <Filter Include="Header Files">
      <UniqueIdentifier>{93995380-89BD-4b04-88EB-625FBE52EBFB}</UniqueIdentifier>
      <Extensions>h;hh;hpp;hxx;h++;hm;inl;inc;ipp;xsd</Extensions>
    </Filter>
    <Filter Include="Resource Files">
      <UniqueIdentifier>{67DA6AB6-F800-4c08-8B7A-83BB121AAD01}</UniqueIdentifier>
      <Extensions>rc;ico;cur;bmp;dlg;rc2;rct;bin;rgs;gif;jpg;jpeg;jpe;resx;tiff;tif;png;wav;mfcribbon-ms</Extensions>
    </Filter>
    <Filter Include="Source Files\File_Odd_&amp;_Even">
      <UniqueIdentifier>{85dc75f8-4fb7-4577-8535-35affc307b58}</UniqueIdentifier>
    </Filter>
    <Filter Include="Source Files\Vector_STL">
      <UniqueIdentifier>{59b03061-7697-4d74-9e0d-f6dc8e634c98}</UniqueIdentifier>
    </Filter>
  </ItemGroup>
  <ItemGroup>
    <ClCompile Include="File_Odd_Even.cpp">
      <Filter>Source Files\File_Odd_&amp;_Even</Filter>
    </ClCompile>
    <ClCompile Include="Vector.cpp">
      <Filter>Source Files\Vector_STL</Filter>
    </ClCompile>
  </ItemGroup>
  <ItemGroup>
    <Text Include="even.txt">
      <Filter>Source Files\File_Odd_&amp;_Even</Filter>
    </Text>
    <Text Include="odd.txt">
      <Filter>Source Files\File_Odd_&amp;_Even</Filter>
    </Text>
  </ItemGroup>
</Project>